PODS:
  - CWStatusBarNotification (2.1.1)
  - FontAwesomeKit (2.1.5):
    - FontAwesomeKit/Core
    - FontAwesomeKit/FontAwesome
    - FontAwesomeKit/FoundationIcons
    - FontAwesomeKit/IonIcons
    - FontAwesomeKit/Zocial
  - FontAwesomeKit/Core (2.1.5)
  - FontAwesomeKit/FontAwesome (2.1.5):
    - FontAwesomeKit/Core
  - FontAwesomeKit/FoundationIcons (2.1.5):
    - FontAwesomeKit/Core
  - FontAwesomeKit/IonIcons (2.1.5):
    - FontAwesomeKit/Core
  - FontAwesomeKit/Zocial (2.1.5):
    - FontAwesomeKit/Core

DEPENDENCIES:
  - CWStatusBarNotification (~> 2.1.0)
  - FontAwesomeKit (~> 2.1.0)

SPEC CHECKSUMS:
  CWStatusBarNotification: 34a428684a6fd0b2b7ef5fcf6341c142b506ad46
  FontAwesomeKit: 7d935e100337d503bdaefde2ea16be740b81ed13

COCOAPODS: 0.32.1
