PODS:
  - FontAwesomeKit (2.1.4):
    - FontAwesomeKit/Core
    - FontAwesomeKit/FontAwesome
    - FontAwesomeKit/FoundationIcons
    - FontAwesomeKit/IonIcons
    - FontAwesomeKit/Zocial
  - FontAwesomeKit/Core (2.1.4)
  - FontAwesomeKit/FontAwesome (2.1.4):
    - FontAwesomeKit/Core
  - FontAwesomeKit/FoundationIcons (2.1.4):
    - FontAwesomeKit/Core
  - FontAwesomeKit/IonIcons (2.1.4):
    - FontAwesomeKit/Core
  - FontAwesomeKit/Zocial (2.1.4):
    - FontAwesomeKit/Core

DEPENDENCIES:
  - FontAwesomeKit (~> 2.1.0)

SPEC CHECKSUMS:
  FontAwesomeKit: 082a427b37f26cd535b7f295cb686f8ab0da707e

COCOAPODS: 0.29.0
